
Microsoft Visual Studio Solution File, Format Version 12.00
# Visual Studio Version 17
VisualStudioVersion = 17.7.34031.279
MinimumVisualStudioVersion = 10.0.40219.1
Project("{8BC9CEB8-8B4A-11D0-8D11-00A0C91BC942}") = "静的メンバ", "静的メンバ\静的メンバ.vcxproj", "{7C92708F-9D0F-4A8E-B378-4F29091AA875}"
EndProject
Global
	GlobalSection(SolutionConfigurationPlatforms) = preSolution
		Debug|x64 = Debug|x64
		Debug|x86 = Debug|x86
		Release|x64 = Release|x64
		Release|x86 = Release|x86
	EndGlobalSection
	GlobalSection(ProjectConfigurationPlatforms) = postSolution
		{7C92708F-9D0F-4A8E-B378-4F29091AA875}.Debug|x64.ActiveCfg = Debug|x64
		{7C92708F-9D0F-4A8E-B378-4F29091AA875}.Debug|x64.Build.0 = Debug|x64
		{7C92708F-9D0F-4A8E-B378-4F29091AA875}.Debug|x86.ActiveCfg = Debug|Win32
		{7C92708F-9D0F-4A8E-B378-4F29091AA875}.Debug|x86.Build.0 = Debug|Win32
		{7C92708F-9D0F-4A8E-B378-4F29091AA875}.Release|x64.ActiveCfg = Release|x64
		{7C92708F-9D0F-4A8E-B378-4F29091AA875}.Release|x64.Build.0 = Release|x64
		{7C92708F-9D0F-4A8E-B378-4F29091AA875}.Release|x86.ActiveCfg = Release|Win32
		{7C92708F-9D0F-4A8E-B378-4F29091AA875}.Release|x86.Build.0 = Release|Win32
	EndGlobalSection
	GlobalSection(SolutionProperties) = preSolution
		HideSolutionNode = FALSE
	EndGlobalSection
	GlobalSection(ExtensibilityGlobals) = postSolution
		SolutionGuid = {65B6E722-2EC7-42F6-ADFF-D22EEF2C191D}
	EndGlobalSection
EndGlobal
