
Microsoft Visual Studio Solution File, Format Version 12.00
# Visual Studio Version 17
VisualStudioVersion = 17.7.34031.279
MinimumVisualStudioVersion = 10.0.40219.1
Project("{8BC9CEB8-8B4A-11D0-8D11-00A0C91BC942}") = "初期化リスト", "初期化リスト\初期化リスト.vcxproj", "{211E0FE8-F40A-496D-9558-A28A20300FE9}"
EndProject
Global
	GlobalSection(SolutionConfigurationPlatforms) = preSolution
		Debug|x64 = Debug|x64
		Debug|x86 = Debug|x86
		Release|x64 = Release|x64
		Release|x86 = Release|x86
	EndGlobalSection
	GlobalSection(ProjectConfigurationPlatforms) = postSolution
		{211E0FE8-F40A-496D-9558-A28A20300FE9}.Debug|x64.ActiveCfg = Debug|x64
		{211E0FE8-F40A-496D-9558-A28A20300FE9}.Debug|x64.Build.0 = Debug|x64
		{211E0FE8-F40A-496D-9558-A28A20300FE9}.Debug|x86.ActiveCfg = Debug|Win32
		{211E0FE8-F40A-496D-9558-A28A20300FE9}.Debug|x86.Build.0 = Debug|Win32
		{211E0FE8-F40A-496D-9558-A28A20300FE9}.Release|x64.ActiveCfg = Release|x64
		{211E0FE8-F40A-496D-9558-A28A20300FE9}.Release|x64.Build.0 = Release|x64
		{211E0FE8-F40A-496D-9558-A28A20300FE9}.Release|x86.ActiveCfg = Release|Win32
		{211E0FE8-F40A-496D-9558-A28A20300FE9}.Release|x86.Build.0 = Release|Win32
	EndGlobalSection
	GlobalSection(SolutionProperties) = preSolution
		HideSolutionNode = FALSE
	EndGlobalSection
	GlobalSection(ExtensibilityGlobals) = postSolution
		SolutionGuid = {489F30ED-3640-4600-AB39-1BB768834274}
	EndGlobalSection
EndGlobal
