
Microsoft Visual Studio Solution File, Format Version 12.00
# Visual Studio Version 17
VisualStudioVersion = 17.7.34031.279
MinimumVisualStudioVersion = 10.0.40219.1
Project("{8BC9CEB8-8B4A-11D0-8D11-00A0C91BC942}") = "this&operator", "this&operator\this&operator.vcxproj", "{5A1C1E32-ED01-4AA3-98EC-5A2A7758BD3E}"
EndProject
Global
	GlobalSection(SolutionConfigurationPlatforms) = preSolution
		Debug|x64 = Debug|x64
		Debug|x86 = Debug|x86
		Release|x64 = Release|x64
		Release|x86 = Release|x86
	EndGlobalSection
	GlobalSection(ProjectConfigurationPlatforms) = postSolution
		{5A1C1E32-ED01-4AA3-98EC-5A2A7758BD3E}.Debug|x64.ActiveCfg = Debug|x64
		{5A1C1E32-ED01-4AA3-98EC-5A2A7758BD3E}.Debug|x64.Build.0 = Debug|x64
		{5A1C1E32-ED01-4AA3-98EC-5A2A7758BD3E}.Debug|x86.ActiveCfg = Debug|Win32
		{5A1C1E32-ED01-4AA3-98EC-5A2A7758BD3E}.Debug|x86.Build.0 = Debug|Win32
		{5A1C1E32-ED01-4AA3-98EC-5A2A7758BD3E}.Release|x64.ActiveCfg = Release|x64
		{5A1C1E32-ED01-4AA3-98EC-5A2A7758BD3E}.Release|x64.Build.0 = Release|x64
		{5A1C1E32-ED01-4AA3-98EC-5A2A7758BD3E}.Release|x86.ActiveCfg = Release|Win32
		{5A1C1E32-ED01-4AA3-98EC-5A2A7758BD3E}.Release|x86.Build.0 = Release|Win32
	EndGlobalSection
	GlobalSection(SolutionProperties) = preSolution
		HideSolutionNode = FALSE
	EndGlobalSection
	GlobalSection(ExtensibilityGlobals) = postSolution
		SolutionGuid = {4F0BFE01-4249-4DE8-9E2C-4F0E71605E1C}
	EndGlobalSection
EndGlobal
